
Microsoft Visual Studio Solution File, Format Version 12.00
# Visual Studio Version 17
VisualStudioVersion = 17.5.002.0
MinimumVisualStudioVersion = 10.0.40219.1
Project("{9A19103F-16F7-4668-BE54-9A1E7A4F7556}") = "VShop.ProductApi", "VShop.ProductApi.csproj", "{FE5BB04B-20FC-4FE4-94C0-C347F3AB4197}"
EndProject
Global
	GlobalSection(SolutionConfigurationPlatforms) = preSolution
		Debug|Any CPU = Debug|Any CPU
		Release|Any CPU = Release|Any CPU
	EndGlobalSection
	GlobalSection(ProjectConfigurationPlatforms) = postSolution
		{FE5BB04B-20FC-4FE4-94C0-C347F3AB4197}.Debug|Any CPU.ActiveCfg = Debug|Any CPU
		{FE5BB04B-20FC-4FE4-94C0-C347F3AB4197}.Debug|Any CPU.Build.0 = Debug|Any CPU
		{FE5BB04B-20FC-4FE4-94C0-C347F3AB4197}.Release|Any CPU.ActiveCfg = Release|Any CPU
		{FE5BB04B-20FC-4FE4-94C0-C347F3AB4197}.Release|Any CPU.Build.0 = Release|Any CPU
	EndGlobalSection
	GlobalSection(SolutionProperties) = preSolution
		HideSolutionNode = FALSE
	EndGlobalSection
	GlobalSection(ExtensibilityGlobals) = postSolution
		SolutionGuid = {5C2B404E-7532-4555-9091-67AEFC2809F6}
	EndGlobalSection
EndGlobal
